
Microsoft Visual Studio Solution File, Format Version 12.00
# Visual Studio Version 17
VisualStudioVersion = 17.3.32819.101
MinimumVisualStudioVersion = 10.0.40219.1
Project("{9A19103F-16F7-4668-BE54-9A1E7A4F7556}") = "MGK.Extensions", "MGK.Extensions\MGK.Extensions.csproj", "{4C4EC7B1-A6FA-4A89-A103-000445059EAF}"
EndProject
Project("{9A19103F-16F7-4668-BE54-9A1E7A4F7556}") = "MGK.Extensions.Test", "..\test\MGK.Extensions.Test\MGK.Extensions.Test.csproj", "{BCA8F308-3E9A-4135-9511-D549AAF3E88C}"
EndProject
Global
	GlobalSection(SolutionConfigurationPlatforms) = preSolution
		Debug|Any CPU = Debug|Any CPU
		Release|Any CPU = Release|Any CPU
	EndGlobalSection
	GlobalSection(ProjectConfigurationPlatforms) = postSolution
		{4C4EC7B1-A6FA-4A89-A103-000445059EAF}.Debug|Any CPU.ActiveCfg = Debug|Any CPU
		{4C4EC7B1-A6FA-4A89-A103-000445059EAF}.Debug|Any CPU.Build.0 = Debug|Any CPU
		{4C4EC7B1-A6FA-4A89-A103-000445059EAF}.Release|Any CPU.ActiveCfg = Release|Any CPU
		{4C4EC7B1-A6FA-4A89-A103-000445059EAF}.Release|Any CPU.Build.0 = Release|Any CPU
		{BCA8F308-3E9A-4135-9511-D549AAF3E88C}.Debug|Any CPU.ActiveCfg = Debug|Any CPU
		{BCA8F308-3E9A-4135-9511-D549AAF3E88C}.Debug|Any CPU.Build.0 = Debug|Any CPU
		{BCA8F308-3E9A-4135-9511-D549AAF3E88C}.Release|Any CPU.ActiveCfg = Release|Any CPU
		{BCA8F308-3E9A-4135-9511-D549AAF3E88C}.Release|Any CPU.Build.0 = Release|Any CPU
	EndGlobalSection
	GlobalSection(SolutionProperties) = preSolution
		HideSolutionNode = FALSE
	EndGlobalSection
	GlobalSection(ExtensibilityGlobals) = postSolution
		SolutionGuid = {B0ACE401-5F0F-4FD2-B4BB-F94AB3BD02ED}
	EndGlobalSection
EndGlobal
